
Microsoft Visual Studio Solution File, Format Version 12.00
# Visual Studio Version 16
VisualStudioVersion = 16.0.30611.23
MinimumVisualStudioVersion = 10.0.40219.1
Project("{9A19103F-16F7-4668-BE54-9A1E7A4F7556}") = "GetcuReone.Cdi.WpfExtension", "GetcuReone.Cdi.WpfExtension\GetcuReone.Cdi.WpfExtension.csproj", "{A12492EB-866B-4B82-9ACC-3F74C1CA2979}"
EndProject
Project("{2150E333-8FDC-42A3-9474-1A3956D46DE8}") = "Infrastructure", "Infrastructure", "{99D87108-D7C9-4771-9921-4F30A731A0D3}"
EndProject
Project("{FAE04EC0-301F-11D3-BF4B-00C04F79EFBC}") = "InfrastructureTests", "Infrastructure\InfrastructureTests\InfrastructureTests.csproj", "{0578E77A-9DDB-44B5-A25D-6D041DF64B2F}"
EndProject
Global
	GlobalSection(SolutionConfigurationPlatforms) = preSolution
		Debug|Any CPU = Debug|Any CPU
		Release|Any CPU = Release|Any CPU
	EndGlobalSection
	GlobalSection(ProjectConfigurationPlatforms) = postSolution
		{A12492EB-866B-4B82-9ACC-3F74C1CA2979}.Debug|Any CPU.ActiveCfg = Debug|Any CPU
		{A12492EB-866B-4B82-9ACC-3F74C1CA2979}.Debug|Any CPU.Build.0 = Debug|Any CPU
		{A12492EB-866B-4B82-9ACC-3F74C1CA2979}.Release|Any CPU.ActiveCfg = Release|Any CPU
		{A12492EB-866B-4B82-9ACC-3F74C1CA2979}.Release|Any CPU.Build.0 = Release|Any CPU
		{0578E77A-9DDB-44B5-A25D-6D041DF64B2F}.Debug|Any CPU.ActiveCfg = Debug|Any CPU
		{0578E77A-9DDB-44B5-A25D-6D041DF64B2F}.Debug|Any CPU.Build.0 = Debug|Any CPU
		{0578E77A-9DDB-44B5-A25D-6D041DF64B2F}.Release|Any CPU.ActiveCfg = Release|Any CPU
		{0578E77A-9DDB-44B5-A25D-6D041DF64B2F}.Release|Any CPU.Build.0 = Release|Any CPU
	EndGlobalSection
	GlobalSection(SolutionProperties) = preSolution
		HideSolutionNode = FALSE
	EndGlobalSection
	GlobalSection(NestedProjects) = preSolution
		{0578E77A-9DDB-44B5-A25D-6D041DF64B2F} = {99D87108-D7C9-4771-9921-4F30A731A0D3}
	EndGlobalSection
	GlobalSection(ExtensibilityGlobals) = postSolution
		SolutionGuid = {ADACE6CE-E764-49E8-88E4-EC3658D93957}
	EndGlobalSection
EndGlobal
